
Microsoft Visual Studio Solution File, Format Version 12.00
# Visual Studio Version 17
VisualStudioVersion = 17.1.32210.238
MinimumVisualStudioVersion = 10.0.40219.1
Project("{FAE04EC0-301F-11D3-BF4B-00C04F79EFBC}") = "baes", "baes\baes.csproj", "{C954F18C-2EF8-4685-90C1-ECE3A1AFB736}"
EndProject
Global
	GlobalSection(SolutionConfigurationPlatforms) = preSolution
		Debug|Any CPU = Debug|Any CPU
		Release|Any CPU = Release|Any CPU
	EndGlobalSection
	GlobalSection(ProjectConfigurationPlatforms) = postSolution
		{C954F18C-2EF8-4685-90C1-ECE3A1AFB736}.Debug|Any CPU.ActiveCfg = Debug|Any CPU
		{C954F18C-2EF8-4685-90C1-ECE3A1AFB736}.Debug|Any CPU.Build.0 = Debug|Any CPU
		{C954F18C-2EF8-4685-90C1-ECE3A1AFB736}.Release|Any CPU.ActiveCfg = Release|Any CPU
		{C954F18C-2EF8-4685-90C1-ECE3A1AFB736}.Release|Any CPU.Build.0 = Release|Any CPU
	EndGlobalSection
	GlobalSection(SolutionProperties) = preSolution
		HideSolutionNode = FALSE
	EndGlobalSection
	GlobalSection(ExtensibilityGlobals) = postSolution
		SolutionGuid = {F200CC21-7AA0-49EA-9414-289F5C25140E}
	EndGlobalSection
EndGlobal
